
Microsoft Visual Studio Solution File, Format Version 12.00
# Visual Studio Version 17
VisualStudioVersion = 17.3.32922.545
MinimumVisualStudioVersion = 10.0.40219.1
Project("{FAE04EC0-301F-11D3-BF4B-00C04F79EFBC}") = "Encryption", "Encryption\Encryption.csproj", "{6E55F0E7-C03B-4E26-A8BA-0622604736FB}"
EndProject
Global
	GlobalSection(SolutionConfigurationPlatforms) = preSolution
		Debug|Any CPU = Debug|Any CPU
		Release|Any CPU = Release|Any CPU
	EndGlobalSection
	GlobalSection(ProjectConfigurationPlatforms) = postSolution
		{6E55F0E7-C03B-4E26-A8BA-0622604736FB}.Debug|Any CPU.ActiveCfg = Debug|Any CPU
		{6E55F0E7-C03B-4E26-A8BA-0622604736FB}.Debug|Any CPU.Build.0 = Debug|Any CPU
		{6E55F0E7-C03B-4E26-A8BA-0622604736FB}.Release|Any CPU.ActiveCfg = Release|Any CPU
		{6E55F0E7-C03B-4E26-A8BA-0622604736FB}.Release|Any CPU.Build.0 = Release|Any CPU
	EndGlobalSection
	GlobalSection(SolutionProperties) = preSolution
		HideSolutionNode = FALSE
	EndGlobalSection
	GlobalSection(ExtensibilityGlobals) = postSolution
		SolutionGuid = {277BC654-DB54-4045-B00A-3C05F85E432E}
	EndGlobalSection
EndGlobal
